
Microsoft Visual Studio Solution File, Format Version 12.00
# Visual Studio Version 16
VisualStudioVersion = 16.0.30711.63
MinimumVisualStudioVersion = 10.0.40219.1
Project("{FAE04EC0-301F-11D3-BF4B-00C04F79EFBC}") = "KravchenkoD2_12FIT4", "KravchenkoD2_12FIT4.csproj", "{0B550876-60BC-49A1-A2FA-39459A846E4E}"
EndProject
Global
	GlobalSection(SolutionConfigurationPlatforms) = preSolution
		Debug|Any CPU = Debug|Any CPU
		Release|Any CPU = Release|Any CPU
	EndGlobalSection
	GlobalSection(ProjectConfigurationPlatforms) = postSolution
		{0B550876-60BC-49A1-A2FA-39459A846E4E}.Debug|Any CPU.ActiveCfg = Debug|Any CPU
		{0B550876-60BC-49A1-A2FA-39459A846E4E}.Debug|Any CPU.Build.0 = Debug|Any CPU
		{0B550876-60BC-49A1-A2FA-39459A846E4E}.Release|Any CPU.ActiveCfg = Release|Any CPU
		{0B550876-60BC-49A1-A2FA-39459A846E4E}.Release|Any CPU.Build.0 = Release|Any CPU
	EndGlobalSection
	GlobalSection(SolutionProperties) = preSolution
		HideSolutionNode = FALSE
	EndGlobalSection
	GlobalSection(ExtensibilityGlobals) = postSolution
		SolutionGuid = {6A50C572-8BFC-4051-89A9-C488B0C248A2}
	EndGlobalSection
EndGlobal
